
Microsoft Visual Studio Solution File, Format Version 12.00
# Visual Studio 14
VisualStudioVersion = 14.0.25420.1
MinimumVisualStudioVersion = 10.0.40219.1
Project("{2150E333-8FDC-42A3-9474-1A3956D46DE8}") = "src", "src", "{84C185FF-6926-4C0D-B0D9-87D4948634A2}"
EndProject
Project("{2150E333-8FDC-42A3-9474-1A3956D46DE8}") = "Solution Items", "Solution Items", "{1B9E9BC5-B6D4-4D7F-ABD0-ECC97456F5CE}"
	ProjectSection(SolutionItems) = preProject
		global.json = global.json
	EndProjectSection
EndProject
Project("{8BB2217D-0F2D-49D1-97BC-3654ED321F3B}") = "WebApiCore", "src\WebApiCore\WebApiCore.xproj", "{5E7E7C28-A243-44A2-8134-01EB62787D6B}"
EndProject
Project("{2150E333-8FDC-42A3-9474-1A3956D46DE8}") = "Domain", "Domain", "{64326365-4FD8-4286-BCC9-05D6E8958612}"
EndProject
Project("{2150E333-8FDC-42A3-9474-1A3956D46DE8}") = "Api", "Api", "{2E2D7F9D-6529-48D3-BA10-0FD22DD5D94F}"
EndProject
Project("{8BB2217D-0F2D-49D1-97BC-3654ED321F3B}") = "Events.Services", "Events.Services\Events.Services.xproj", "{26EA8A89-DB23-46C5-ACEF-22734F69562C}"
EndProject
Project("{2150E333-8FDC-42A3-9474-1A3956D46DE8}") = "Infrastructure", "Infrastructure", "{3E0842DD-E0AE-43D0-940D-06E4C44B0999}"
EndProject
Project("{2150E333-8FDC-42A3-9474-1A3956D46DE8}") = "Data", "Data", "{DA47331B-4726-43B9-96A8-D2732EEEC3F4}"
EndProject
Global
	GlobalSection(SolutionConfigurationPlatforms) = preSolution
		Debug|Any CPU = Debug|Any CPU
		Release|Any CPU = Release|Any CPU
	EndGlobalSection
	GlobalSection(ProjectConfigurationPlatforms) = postSolution
		{5E7E7C28-A243-44A2-8134-01EB62787D6B}.Debug|Any CPU.ActiveCfg = Debug|Any CPU
		{5E7E7C28-A243-44A2-8134-01EB62787D6B}.Debug|Any CPU.Build.0 = Debug|Any CPU
		{5E7E7C28-A243-44A2-8134-01EB62787D6B}.Release|Any CPU.ActiveCfg = Release|Any CPU
		{5E7E7C28-A243-44A2-8134-01EB62787D6B}.Release|Any CPU.Build.0 = Release|Any CPU
		{26EA8A89-DB23-46C5-ACEF-22734F69562C}.Debug|Any CPU.ActiveCfg = Debug|Any CPU
		{26EA8A89-DB23-46C5-ACEF-22734F69562C}.Debug|Any CPU.Build.0 = Debug|Any CPU
		{26EA8A89-DB23-46C5-ACEF-22734F69562C}.Release|Any CPU.ActiveCfg = Release|Any CPU
		{26EA8A89-DB23-46C5-ACEF-22734F69562C}.Release|Any CPU.Build.0 = Release|Any CPU
	EndGlobalSection
	GlobalSection(SolutionProperties) = preSolution
		HideSolutionNode = FALSE
	EndGlobalSection
	GlobalSection(NestedProjects) = preSolution
		{5E7E7C28-A243-44A2-8134-01EB62787D6B} = {2E2D7F9D-6529-48D3-BA10-0FD22DD5D94F}
		{64326365-4FD8-4286-BCC9-05D6E8958612} = {84C185FF-6926-4C0D-B0D9-87D4948634A2}
		{2E2D7F9D-6529-48D3-BA10-0FD22DD5D94F} = {84C185FF-6926-4C0D-B0D9-87D4948634A2}
		{26EA8A89-DB23-46C5-ACEF-22734F69562C} = {64326365-4FD8-4286-BCC9-05D6E8958612}
		{3E0842DD-E0AE-43D0-940D-06E4C44B0999} = {84C185FF-6926-4C0D-B0D9-87D4948634A2}
		{DA47331B-4726-43B9-96A8-D2732EEEC3F4} = {84C185FF-6926-4C0D-B0D9-87D4948634A2}
	EndGlobalSection
EndGlobal
